
Microsoft Visual Studio Solution File, Format Version 12.00
# Visual Studio Version 17
VisualStudioVersion = 17.8.34330.188
MinimumVisualStudioVersion = 10.0.40219.1
Project("{FAE04EC0-301F-11D3-BF4B-00C04F79EFBC}") = "QLGARA", "QLGARA\QLGARA.csproj", "{7D3814CA-A884-4AE7-B367-75491C895555}"
EndProject
Global
	GlobalSection(SolutionConfigurationPlatforms) = preSolution
		Debug|Any CPU = Debug|Any CPU
		Release|Any CPU = Release|Any CPU
	EndGlobalSection
	GlobalSection(ProjectConfigurationPlatforms) = postSolution
		{7D3814CA-A884-4AE7-B367-75491C895555}.Debug|Any CPU.ActiveCfg = Debug|Any CPU
		{7D3814CA-A884-4AE7-B367-75491C895555}.Debug|Any CPU.Build.0 = Debug|Any CPU
		{7D3814CA-A884-4AE7-B367-75491C895555}.Release|Any CPU.ActiveCfg = Release|Any CPU
		{7D3814CA-A884-4AE7-B367-75491C895555}.Release|Any CPU.Build.0 = Release|Any CPU
	EndGlobalSection
	GlobalSection(SolutionProperties) = preSolution
		HideSolutionNode = FALSE
	EndGlobalSection
	GlobalSection(ExtensibilityGlobals) = postSolution
		SolutionGuid = {4B4C7259-FB2F-4696-B664-B720A36EFC01}
	EndGlobalSection
EndGlobal
